// !$*UTF8*$!
{
	archiveVersion = 1;
	classes = {
	};
	objectVersion = 50;
	objects = {

/* Begin PBXGroup section */
		BF319FCF21BBF9FF00FF9DBF = {
			isa = PBXGroup;
			children = (
			);
			sourceTree = "<group>";
		};
/* End PBXGroup section */

/* Begin PBXProject section */
		BF319FD021BBF9FF00FF9DBF /* Project object */ = {
			isa = PBXProject;
			attributes = {
				LastUpgradeCheck = 1010;
			};
			buildConfigurationList = BF319FD321BBF9FF00FF9DBF /* Build configuration list for PBXProject "GanttisDemos" */;
			compatibilityVersion = "Xcode 9.3";
			developmentRegion = en;
			hasScannedForEncodings = 0;
			knownRegions = (
				en,
			);
			mainGroup = BF319FCF21BBF9FF00FF9DBF;
			projectDirPath = "";
			projectRoot = "";
			targets = (
			);
		};
/* End PBXProject section */

/* Begin XCBuildConfiguration section */
		BF319FD421BBF9FF00FF9DBF /* Debug */ = {
			isa = XCBuildConfiguration;
			buildSettings = {
			};
			name = Debug;
		};
		BF319FD521BBF9FF00FF9DBF /* Release */ = {
			isa = XCBuildConfiguration;
			buildSettings = {
			};
			name = Release;
		};
/* End XCBuildConfiguration section */

/* Begin XCConfigurationList section */
		BF319FD321BBF9FF00FF9DBF /* Build configuration list for PBXProject "GanttisDemos" */ = {
			isa = XCConfigurationList;
			buildConfigurations = (
				BF319FD421BBF9FF00FF9DBF /* Debug */,
				BF319FD521BBF9FF00FF9DBF /* Release */,
			);
			defaultConfigurationIsVisible = 0;
			defaultConfigurationName = Release;
		};
/* End XCConfigurationList section */
	};
	rootObject = BF319FD021BBF9FF00FF9DBF /* Project object */;
}
